
Microsoft Visual Studio Solution File, Format Version 12.00
# Visual Studio 15
VisualStudioVersion = 15.0.27004.2009
MinimumVisualStudioVersion = 10.0.40219.1
Project("{FAE04EC0-301F-11D3-BF4B-00C04F79EFBC}") = "HelloWorld.Android", "HelloWorld\HelloWorld.Android\HelloWorld.Android.csproj", "{5EDDA305-58C3-4E34-BAF3-E1F498879E39}"
EndProject
Project("{FAE04EC0-301F-11D3-BF4B-00C04F79EFBC}") = "HelloWorld.iOS", "HelloWorld\HelloWorld.iOS\HelloWorld.iOS.csproj", "{D790D5A2-6EA2-4D8B-9CB2-6030E6C6F1C5}"
EndProject
Project("{FAE04EC0-301F-11D3-BF4B-00C04F79EFBC}") = "HelloWorld", "HelloWorld\HelloWorld\HelloWorld.csproj", "{6FE738D2-251F-4785-90A6-FEDA8EB31BFD}"
EndProject
Global
	GlobalSection(SolutionConfigurationPlatforms) = preSolution
		Debug|Any CPU = Debug|Any CPU
		Debug|ARM = Debug|ARM
		Debug|iPhone = Debug|iPhone
		Debug|iPhoneSimulator = Debug|iPhoneSimulator
		Debug|x64 = Debug|x64
		Debug|x86 = Debug|x86
		Release|Any CPU = Release|Any CPU
		Release|ARM = Release|ARM
		Release|iPhone = Release|iPhone
		Release|iPhoneSimulator = Release|iPhoneSimulator
		Release|x64 = Release|x64
		Release|x86 = Release|x86
	EndGlobalSection
	GlobalSection(ProjectConfigurationPlatforms) = postSolution
		{5EDDA305-58C3-4E34-BAF3-E1F498879E39}.Debug|Any CPU.ActiveCfg = Debug|Any CPU
		{5EDDA305-58C3-4E34-BAF3-E1F498879E39}.Debug|Any CPU.Build.0 = Debug|Any CPU
		{5EDDA305-58C3-4E34-BAF3-E1F498879E39}.Debug|Any CPU.Deploy.0 = Debug|Any CPU
		{5EDDA305-58C3-4E34-BAF3-E1F498879E39}.Debug|ARM.ActiveCfg = Debug|Any CPU
		{5EDDA305-58C3-4E34-BAF3-E1F498879E39}.Debug|ARM.Build.0 = Debug|Any CPU
		{5EDDA305-58C3-4E34-BAF3-E1F498879E39}.Debug|ARM.Deploy.0 = Debug|Any CPU
		{5EDDA305-58C3-4E34-BAF3-E1F498879E39}.Debug|iPhone.ActiveCfg = Debug|Any CPU
		{5EDDA305-58C3-4E34-BAF3-E1F498879E39}.Debug|iPhone.Build.0 = Debug|Any CPU
		{5EDDA305-58C3-4E34-BAF3-E1F498879E39}.Debug|iPhone.Deploy.0 = Debug|Any CPU
		{5EDDA305-58C3-4E34-BAF3-E1F498879E39}.Debug|iPhoneSimulator.ActiveCfg = Debug|Any CPU
		{5EDDA305-58C3-4E34-BAF3-E1F498879E39}.Debug|iPhoneSimulator.Build.0 = Debug|Any CPU
		{5EDDA305-58C3-4E34-BAF3-E1F498879E39}.Debug|iPhoneSimulator.Deploy.0 = Debug|Any CPU
		{5EDDA305-58C3-4E34-BAF3-E1F498879E39}.Debug|x64.ActiveCfg = Debug|Any CPU
		{5EDDA305-58C3-4E34-BAF3-E1F498879E39}.Debug|x64.Build.0 = Debug|Any CPU
		{5EDDA305-58C3-4E34-BAF3-E1F498879E39}.Debug|x64.Deploy.0 = Debug|Any CPU
		{5EDDA305-58C3-4E34-BAF3-E1F498879E39}.Debug|x86.ActiveCfg = Debug|Any CPU
		{5EDDA305-58C3-4E34-BAF3-E1F498879E39}.Debug|x86.Build.0 = Debug|Any CPU
		{5EDDA305-58C3-4E34-BAF3-E1F498879E39}.Debug|x86.Deploy.0 = Debug|Any CPU
		{5EDDA305-58C3-4E34-BAF3-E1F498879E39}.Release|Any CPU.ActiveCfg = Release|Any CPU
		{5EDDA305-58C3-4E34-BAF3-E1F498879E39}.Release|Any CPU.Build.0 = Release|Any CPU
		{5EDDA305-58C3-4E34-BAF3-E1F498879E39}.Release|Any CPU.Deploy.0 = Release|Any CPU
		{5EDDA305-58C3-4E34-BAF3-E1F498879E39}.Release|ARM.ActiveCfg = Release|Any CPU
		{5EDDA305-58C3-4E34-BAF3-E1F498879E39}.Release|ARM.Build.0 = Release|Any CPU
		{5EDDA305-58C3-4E34-BAF3-E1F498879E39}.Release|ARM.Deploy.0 = Release|Any CPU
		{5EDDA305-58C3-4E34-BAF3-E1F498879E39}.Release|iPhone.ActiveCfg = Release|Any CPU
		{5EDDA305-58C3-4E34-BAF3-E1F498879E39}.Release|iPhone.Build.0 = Release|Any CPU
		{5EDDA305-58C3-4E34-BAF3-E1F498879E39}.Release|iPhone.Deploy.0 = Release|Any CPU
		{5EDDA305-58C3-4E34-BAF3-E1F498879E39}.Release|iPhoneSimulator.ActiveCfg = Release|Any CPU
		{5EDDA305-58C3-4E34-BAF3-E1F498879E39}.Release|iPhoneSimulator.Build.0 = Release|Any CPU
		{5EDDA305-58C3-4E34-BAF3-E1F498879E39}.Release|iPhoneSimulator.Deploy.0 = Release|Any CPU
		{5EDDA305-58C3-4E34-BAF3-E1F498879E39}.Release|x64.ActiveCfg = Release|Any CPU
		{5EDDA305-58C3-4E34-BAF3-E1F498879E39}.Release|x64.Build.0 = Release|Any CPU
		{5EDDA305-58C3-4E34-BAF3-E1F498879E39}.Release|x64.Deploy.0 = Release|Any CPU
		{5EDDA305-58C3-4E34-BAF3-E1F498879E39}.Release|x86.ActiveCfg = Release|Any CPU
		{5EDDA305-58C3-4E34-BAF3-E1F498879E39}.Release|x86.Build.0 = Release|Any CPU
		{5EDDA305-58C3-4E34-BAF3-E1F498879E39}.Release|x86.Deploy.0 = Release|Any CPU
		{D790D5A2-6EA2-4D8B-9CB2-6030E6C6F1C5}.Debug|Any CPU.ActiveCfg = Debug|iPhoneSimulator
		{D790D5A2-6EA2-4D8B-9CB2-6030E6C6F1C5}.Debug|ARM.ActiveCfg = Debug|iPhone
		{D790D5A2-6EA2-4D8B-9CB2-6030E6C6F1C5}.Debug|iPhone.ActiveCfg = Debug|iPhone
		{D790D5A2-6EA2-4D8B-9CB2-6030E6C6F1C5}.Debug|iPhone.Build.0 = Debug|iPhone
		{D790D5A2-6EA2-4D8B-9CB2-6030E6C6F1C5}.Debug|iPhoneSimulator.ActiveCfg = Debug|iPhoneSimulator
		{D790D5A2-6EA2-4D8B-9CB2-6030E6C6F1C5}.Debug|iPhoneSimulator.Build.0 = Debug|iPhoneSimulator
		{D790D5A2-6EA2-4D8B-9CB2-6030E6C6F1C5}.Debug|x64.ActiveCfg = Debug|iPhone
		{D790D5A2-6EA2-4D8B-9CB2-6030E6C6F1C5}.Debug|x86.ActiveCfg = Debug|iPhone
		{D790D5A2-6EA2-4D8B-9CB2-6030E6C6F1C5}.Release|Any CPU.ActiveCfg = Release|iPhoneSimulator
		{D790D5A2-6EA2-4D8B-9CB2-6030E6C6F1C5}.Release|ARM.ActiveCfg = Release|iPhone
		{D790D5A2-6EA2-4D8B-9CB2-6030E6C6F1C5}.Release|iPhone.ActiveCfg = Release|iPhone
		{D790D5A2-6EA2-4D8B-9CB2-6030E6C6F1C5}.Release|iPhone.Build.0 = Release|iPhone
		{D790D5A2-6EA2-4D8B-9CB2-6030E6C6F1C5}.Release|iPhoneSimulator.ActiveCfg = Release|iPhoneSimulator
		{D790D5A2-6EA2-4D8B-9CB2-6030E6C6F1C5}.Release|iPhoneSimulator.Build.0 = Release|iPhoneSimulator
		{D790D5A2-6EA2-4D8B-9CB2-6030E6C6F1C5}.Release|x64.ActiveCfg = Release|iPhone
		{D790D5A2-6EA2-4D8B-9CB2-6030E6C6F1C5}.Release|x86.ActiveCfg = Release|iPhone
		{6FE738D2-251F-4785-90A6-FEDA8EB31BFD}.Debug|Any CPU.ActiveCfg = Debug|Any CPU
		{6FE738D2-251F-4785-90A6-FEDA8EB31BFD}.Debug|Any CPU.Build.0 = Debug|Any CPU
		{6FE738D2-251F-4785-90A6-FEDA8EB31BFD}.Debug|ARM.ActiveCfg = Debug|Any CPU
		{6FE738D2-251F-4785-90A6-FEDA8EB31BFD}.Debug|ARM.Build.0 = Debug|Any CPU
		{6FE738D2-251F-4785-90A6-FEDA8EB31BFD}.Debug|iPhone.ActiveCfg = Debug|Any CPU
		{6FE738D2-251F-4785-90A6-FEDA8EB31BFD}.Debug|iPhone.Build.0 = Debug|Any CPU
		{6FE738D2-251F-4785-90A6-FEDA8EB31BFD}.Debug|iPhoneSimulator.ActiveCfg = Debug|Any CPU
		{6FE738D2-251F-4785-90A6-FEDA8EB31BFD}.Debug|iPhoneSimulator.Build.0 = Debug|Any CPU
		{6FE738D2-251F-4785-90A6-FEDA8EB31BFD}.Debug|x64.ActiveCfg = Debug|Any CPU
		{6FE738D2-251F-4785-90A6-FEDA8EB31BFD}.Debug|x64.Build.0 = Debug|Any CPU
		{6FE738D2-251F-4785-90A6-FEDA8EB31BFD}.Debug|x86.ActiveCfg = Debug|Any CPU
		{6FE738D2-251F-4785-90A6-FEDA8EB31BFD}.Debug|x86.Build.0 = Debug|Any CPU
		{6FE738D2-251F-4785-90A6-FEDA8EB31BFD}.Release|Any CPU.ActiveCfg = Release|Any CPU
		{6FE738D2-251F-4785-90A6-FEDA8EB31BFD}.Release|Any CPU.Build.0 = Release|Any CPU
		{6FE738D2-251F-4785-90A6-FEDA8EB31BFD}.Release|ARM.ActiveCfg = Release|Any CPU
		{6FE738D2-251F-4785-90A6-FEDA8EB31BFD}.Release|ARM.Build.0 = Release|Any CPU
		{6FE738D2-251F-4785-90A6-FEDA8EB31BFD}.Release|iPhone.ActiveCfg = Release|Any CPU
		{6FE738D2-251F-4785-90A6-FEDA8EB31BFD}.Release|iPhone.Build.0 = Release|Any CPU
		{6FE738D2-251F-4785-90A6-FEDA8EB31BFD}.Release|iPhoneSimulator.ActiveCfg = Release|Any CPU
		{6FE738D2-251F-4785-90A6-FEDA8EB31BFD}.Release|iPhoneSimulator.Build.0 = Release|Any CPU
		{6FE738D2-251F-4785-90A6-FEDA8EB31BFD}.Release|x64.ActiveCfg = Release|Any CPU
		{6FE738D2-251F-4785-90A6-FEDA8EB31BFD}.Release|x64.Build.0 = Release|Any CPU
		{6FE738D2-251F-4785-90A6-FEDA8EB31BFD}.Release|x86.ActiveCfg = Release|Any CPU
		{6FE738D2-251F-4785-90A6-FEDA8EB31BFD}.Release|x86.Build.0 = Release|Any CPU
	EndGlobalSection
	GlobalSection(SolutionProperties) = preSolution
		HideSolutionNode = FALSE
	EndGlobalSection
	GlobalSection(ExtensibilityGlobals) = postSolution
		SolutionGuid = {9CCDC834-8328-4214-AAB7-26F95CDD5A85}
	EndGlobalSection
EndGlobal
