
Microsoft Visual Studio Solution File, Format Version 12.00
# Visual Studio 15
VisualStudioVersion = 15.0.27004.2009
MinimumVisualStudioVersion = 10.0.40219.1
Project("{FAE04EC0-301F-11D3-BF4B-00C04F79EFBC}") = "XFHelloWorld.Android", "XFHelloWorld\XFHelloWorld.Android\XFHelloWorld.Android.csproj", "{EF2E0DD8-284F-4A43-BBF9-286614489FCD}"
EndProject
Project("{FAE04EC0-301F-11D3-BF4B-00C04F79EFBC}") = "XFHelloWorld", "XFHelloWorld\XFHelloWorld\XFHelloWorld.csproj", "{042716F9-BC2E-48DB-9CC6-CC09D2DE53C1}"
EndProject
Project("{FAE04EC0-301F-11D3-BF4B-00C04F79EFBC}") = "XFHelloWorld.UWP", "XFHelloWorld\XFHelloWorld.UWP\XFHelloWorld.UWP.csproj", "{8B6D06A6-0C92-4F42-A684-A1BA0425B311}"
EndProject
Project("{FAE04EC0-301F-11D3-BF4B-00C04F79EFBC}") = "XFHelloWorld.iOS", "XFHelloWorld\XFHelloWorld.iOS\XFHelloWorld.iOS.csproj", "{9B76E181-415B-4A51-BBB9-AD1796F3A834}"
EndProject
Global
	GlobalSection(SolutionConfigurationPlatforms) = preSolution
		Ad-Hoc|Any CPU = Ad-Hoc|Any CPU
		Ad-Hoc|ARM = Ad-Hoc|ARM
		Ad-Hoc|iPhone = Ad-Hoc|iPhone
		Ad-Hoc|iPhoneSimulator = Ad-Hoc|iPhoneSimulator
		Ad-Hoc|x64 = Ad-Hoc|x64
		Ad-Hoc|x86 = Ad-Hoc|x86
		AppStore|Any CPU = AppStore|Any CPU
		AppStore|ARM = AppStore|ARM
		AppStore|iPhone = AppStore|iPhone
		AppStore|iPhoneSimulator = AppStore|iPhoneSimulator
		AppStore|x64 = AppStore|x64
		AppStore|x86 = AppStore|x86
		Debug|Any CPU = Debug|Any CPU
		Debug|ARM = Debug|ARM
		Debug|iPhone = Debug|iPhone
		Debug|iPhoneSimulator = Debug|iPhoneSimulator
		Debug|x64 = Debug|x64
		Debug|x86 = Debug|x86
		Release|Any CPU = Release|Any CPU
		Release|ARM = Release|ARM
		Release|iPhone = Release|iPhone
		Release|iPhoneSimulator = Release|iPhoneSimulator
		Release|x64 = Release|x64
		Release|x86 = Release|x86
	EndGlobalSection
	GlobalSection(ProjectConfigurationPlatforms) = postSolution
		{EF2E0DD8-284F-4A43-BBF9-286614489FCD}.Ad-Hoc|Any CPU.ActiveCfg = Release|Any CPU
		{EF2E0DD8-284F-4A43-BBF9-286614489FCD}.Ad-Hoc|Any CPU.Build.0 = Release|Any CPU
		{EF2E0DD8-284F-4A43-BBF9-286614489FCD}.Ad-Hoc|Any CPU.Deploy.0 = Release|Any CPU
		{EF2E0DD8-284F-4A43-BBF9-286614489FCD}.Ad-Hoc|ARM.ActiveCfg = Release|Any CPU
		{EF2E0DD8-284F-4A43-BBF9-286614489FCD}.Ad-Hoc|ARM.Build.0 = Release|Any CPU
		{EF2E0DD8-284F-4A43-BBF9-286614489FCD}.Ad-Hoc|ARM.Deploy.0 = Release|Any CPU
		{EF2E0DD8-284F-4A43-BBF9-286614489FCD}.Ad-Hoc|iPhone.ActiveCfg = Release|Any CPU
		{EF2E0DD8-284F-4A43-BBF9-286614489FCD}.Ad-Hoc|iPhone.Build.0 = Release|Any CPU
		{EF2E0DD8-284F-4A43-BBF9-286614489FCD}.Ad-Hoc|iPhone.Deploy.0 = Release|Any CPU
		{EF2E0DD8-284F-4A43-BBF9-286614489FCD}.Ad-Hoc|iPhoneSimulator.ActiveCfg = Release|Any CPU
		{EF2E0DD8-284F-4A43-BBF9-286614489FCD}.Ad-Hoc|iPhoneSimulator.Build.0 = Release|Any CPU
		{EF2E0DD8-284F-4A43-BBF9-286614489FCD}.Ad-Hoc|iPhoneSimulator.Deploy.0 = Release|Any CPU
		{EF2E0DD8-284F-4A43-BBF9-286614489FCD}.Ad-Hoc|x64.ActiveCfg = Release|Any CPU
		{EF2E0DD8-284F-4A43-BBF9-286614489FCD}.Ad-Hoc|x64.Build.0 = Release|Any CPU
		{EF2E0DD8-284F-4A43-BBF9-286614489FCD}.Ad-Hoc|x64.Deploy.0 = Release|Any CPU
		{EF2E0DD8-284F-4A43-BBF9-286614489FCD}.Ad-Hoc|x86.ActiveCfg = Release|Any CPU
		{EF2E0DD8-284F-4A43-BBF9-286614489FCD}.Ad-Hoc|x86.Build.0 = Release|Any CPU
		{EF2E0DD8-284F-4A43-BBF9-286614489FCD}.Ad-Hoc|x86.Deploy.0 = Release|Any CPU
		{EF2E0DD8-284F-4A43-BBF9-286614489FCD}.AppStore|Any CPU.ActiveCfg = Release|Any CPU
		{EF2E0DD8-284F-4A43-BBF9-286614489FCD}.AppStore|Any CPU.Build.0 = Release|Any CPU
		{EF2E0DD8-284F-4A43-BBF9-286614489FCD}.AppStore|Any CPU.Deploy.0 = Release|Any CPU
		{EF2E0DD8-284F-4A43-BBF9-286614489FCD}.AppStore|ARM.ActiveCfg = Release|Any CPU
		{EF2E0DD8-284F-4A43-BBF9-286614489FCD}.AppStore|ARM.Build.0 = Release|Any CPU
		{EF2E0DD8-284F-4A43-BBF9-286614489FCD}.AppStore|ARM.Deploy.0 = Release|Any CPU
		{EF2E0DD8-284F-4A43-BBF9-286614489FCD}.AppStore|iPhone.ActiveCfg = Release|Any CPU
		{EF2E0DD8-284F-4A43-BBF9-286614489FCD}.AppStore|iPhone.Build.0 = Release|Any CPU
		{EF2E0DD8-284F-4A43-BBF9-286614489FCD}.AppStore|iPhone.Deploy.0 = Release|Any CPU
		{EF2E0DD8-284F-4A43-BBF9-286614489FCD}.AppStore|iPhoneSimulator.ActiveCfg = Release|Any CPU
		{EF2E0DD8-284F-4A43-BBF9-286614489FCD}.AppStore|iPhoneSimulator.Build.0 = Release|Any CPU
		{EF2E0DD8-284F-4A43-BBF9-286614489FCD}.AppStore|iPhoneSimulator.Deploy.0 = Release|Any CPU
		{EF2E0DD8-284F-4A43-BBF9-286614489FCD}.AppStore|x64.ActiveCfg = Release|Any CPU
		{EF2E0DD8-284F-4A43-BBF9-286614489FCD}.AppStore|x64.Build.0 = Release|Any CPU
		{EF2E0DD8-284F-4A43-BBF9-286614489FCD}.AppStore|x64.Deploy.0 = Release|Any CPU
		{EF2E0DD8-284F-4A43-BBF9-286614489FCD}.AppStore|x86.ActiveCfg = Release|Any CPU
		{EF2E0DD8-284F-4A43-BBF9-286614489FCD}.AppStore|x86.Build.0 = Release|Any CPU
		{EF2E0DD8-284F-4A43-BBF9-286614489FCD}.AppStore|x86.Deploy.0 = Release|Any CPU
		{EF2E0DD8-284F-4A43-BBF9-286614489FCD}.Debug|Any CPU.ActiveCfg = Debug|Any CPU
		{EF2E0DD8-284F-4A43-BBF9-286614489FCD}.Debug|Any CPU.Build.0 = Debug|Any CPU
		{EF2E0DD8-284F-4A43-BBF9-286614489FCD}.Debug|Any CPU.Deploy.0 = Debug|Any CPU
		{EF2E0DD8-284F-4A43-BBF9-286614489FCD}.Debug|ARM.ActiveCfg = Debug|Any CPU
		{EF2E0DD8-284F-4A43-BBF9-286614489FCD}.Debug|ARM.Build.0 = Debug|Any CPU
		{EF2E0DD8-284F-4A43-BBF9-286614489FCD}.Debug|ARM.Deploy.0 = Debug|Any CPU
		{EF2E0DD8-284F-4A43-BBF9-286614489FCD}.Debug|iPhone.ActiveCfg = Debug|Any CPU
		{EF2E0DD8-284F-4A43-BBF9-286614489FCD}.Debug|iPhone.Build.0 = Debug|Any CPU
		{EF2E0DD8-284F-4A43-BBF9-286614489FCD}.Debug|iPhone.Deploy.0 = Debug|Any CPU
		{EF2E0DD8-284F-4A43-BBF9-286614489FCD}.Debug|iPhoneSimulator.ActiveCfg = Debug|Any CPU
		{EF2E0DD8-284F-4A43-BBF9-286614489FCD}.Debug|iPhoneSimulator.Build.0 = Debug|Any CPU
		{EF2E0DD8-284F-4A43-BBF9-286614489FCD}.Debug|iPhoneSimulator.Deploy.0 = Debug|Any CPU
		{EF2E0DD8-284F-4A43-BBF9-286614489FCD}.Debug|x64.ActiveCfg = Debug|Any CPU
		{EF2E0DD8-284F-4A43-BBF9-286614489FCD}.Debug|x64.Build.0 = Debug|Any CPU
		{EF2E0DD8-284F-4A43-BBF9-286614489FCD}.Debug|x64.Deploy.0 = Debug|Any CPU
		{EF2E0DD8-284F-4A43-BBF9-286614489FCD}.Debug|x86.ActiveCfg = Debug|Any CPU
		{EF2E0DD8-284F-4A43-BBF9-286614489FCD}.Debug|x86.Build.0 = Debug|Any CPU
		{EF2E0DD8-284F-4A43-BBF9-286614489FCD}.Debug|x86.Deploy.0 = Debug|Any CPU
		{EF2E0DD8-284F-4A43-BBF9-286614489FCD}.Release|Any CPU.ActiveCfg = Release|Any CPU
		{EF2E0DD8-284F-4A43-BBF9-286614489FCD}.Release|Any CPU.Build.0 = Release|Any CPU
		{EF2E0DD8-284F-4A43-BBF9-286614489FCD}.Release|Any CPU.Deploy.0 = Release|Any CPU
		{EF2E0DD8-284F-4A43-BBF9-286614489FCD}.Release|ARM.ActiveCfg = Release|Any CPU
		{EF2E0DD8-284F-4A43-BBF9-286614489FCD}.Release|ARM.Build.0 = Release|Any CPU
		{EF2E0DD8-284F-4A43-BBF9-286614489FCD}.Release|ARM.Deploy.0 = Release|Any CPU
		{EF2E0DD8-284F-4A43-BBF9-286614489FCD}.Release|iPhone.ActiveCfg = Release|Any CPU
		{EF2E0DD8-284F-4A43-BBF9-286614489FCD}.Release|iPhone.Build.0 = Release|Any CPU
		{EF2E0DD8-284F-4A43-BBF9-286614489FCD}.Release|iPhone.Deploy.0 = Release|Any CPU
		{EF2E0DD8-284F-4A43-BBF9-286614489FCD}.Release|iPhoneSimulator.ActiveCfg = Release|Any CPU
		{EF2E0DD8-284F-4A43-BBF9-286614489FCD}.Release|iPhoneSimulator.Build.0 = Release|Any CPU
		{EF2E0DD8-284F-4A43-BBF9-286614489FCD}.Release|iPhoneSimulator.Deploy.0 = Release|Any CPU
		{EF2E0DD8-284F-4A43-BBF9-286614489FCD}.Release|x64.ActiveCfg = Release|Any CPU
		{EF2E0DD8-284F-4A43-BBF9-286614489FCD}.Release|x64.Build.0 = Release|Any CPU
		{EF2E0DD8-284F-4A43-BBF9-286614489FCD}.Release|x64.Deploy.0 = Release|Any CPU
		{EF2E0DD8-284F-4A43-BBF9-286614489FCD}.Release|x86.ActiveCfg = Release|Any CPU
		{EF2E0DD8-284F-4A43-BBF9-286614489FCD}.Release|x86.Build.0 = Release|Any CPU
		{EF2E0DD8-284F-4A43-BBF9-286614489FCD}.Release|x86.Deploy.0 = Release|Any CPU
		{042716F9-BC2E-48DB-9CC6-CC09D2DE53C1}.Ad-Hoc|Any CPU.ActiveCfg = Release|Any CPU
		{042716F9-BC2E-48DB-9CC6-CC09D2DE53C1}.Ad-Hoc|Any CPU.Build.0 = Release|Any CPU
		{042716F9-BC2E-48DB-9CC6-CC09D2DE53C1}.Ad-Hoc|ARM.ActiveCfg = Release|Any CPU
		{042716F9-BC2E-48DB-9CC6-CC09D2DE53C1}.Ad-Hoc|ARM.Build.0 = Release|Any CPU
		{042716F9-BC2E-48DB-9CC6-CC09D2DE53C1}.Ad-Hoc|iPhone.ActiveCfg = Release|Any CPU
		{042716F9-BC2E-48DB-9CC6-CC09D2DE53C1}.Ad-Hoc|iPhone.Build.0 = Release|Any CPU
		{042716F9-BC2E-48DB-9CC6-CC09D2DE53C1}.Ad-Hoc|iPhoneSimulator.ActiveCfg = Release|Any CPU
		{042716F9-BC2E-48DB-9CC6-CC09D2DE53C1}.Ad-Hoc|iPhoneSimulator.Build.0 = Release|Any CPU
		{042716F9-BC2E-48DB-9CC6-CC09D2DE53C1}.Ad-Hoc|x64.ActiveCfg = Release|Any CPU
		{042716F9-BC2E-48DB-9CC6-CC09D2DE53C1}.Ad-Hoc|x64.Build.0 = Release|Any CPU
		{042716F9-BC2E-48DB-9CC6-CC09D2DE53C1}.Ad-Hoc|x86.ActiveCfg = Release|Any CPU
		{042716F9-BC2E-48DB-9CC6-CC09D2DE53C1}.Ad-Hoc|x86.Build.0 = Release|Any CPU
		{042716F9-BC2E-48DB-9CC6-CC09D2DE53C1}.AppStore|Any CPU.ActiveCfg = Release|Any CPU
		{042716F9-BC2E-48DB-9CC6-CC09D2DE53C1}.AppStore|Any CPU.Build.0 = Release|Any CPU
		{042716F9-BC2E-48DB-9CC6-CC09D2DE53C1}.AppStore|ARM.ActiveCfg = Release|Any CPU
		{042716F9-BC2E-48DB-9CC6-CC09D2DE53C1}.AppStore|ARM.Build.0 = Release|Any CPU
		{042716F9-BC2E-48DB-9CC6-CC09D2DE53C1}.AppStore|iPhone.ActiveCfg = Release|Any CPU
		{042716F9-BC2E-48DB-9CC6-CC09D2DE53C1}.AppStore|iPhone.Build.0 = Release|Any CPU
		{042716F9-BC2E-48DB-9CC6-CC09D2DE53C1}.AppStore|iPhoneSimulator.ActiveCfg = Release|Any CPU
		{042716F9-BC2E-48DB-9CC6-CC09D2DE53C1}.AppStore|iPhoneSimulator.Build.0 = Release|Any CPU
		{042716F9-BC2E-48DB-9CC6-CC09D2DE53C1}.AppStore|x64.ActiveCfg = Release|Any CPU
		{042716F9-BC2E-48DB-9CC6-CC09D2DE53C1}.AppStore|x64.Build.0 = Release|Any CPU
		{042716F9-BC2E-48DB-9CC6-CC09D2DE53C1}.AppStore|x86.ActiveCfg = Release|Any CPU
		{042716F9-BC2E-48DB-9CC6-CC09D2DE53C1}.AppStore|x86.Build.0 = Release|Any CPU
		{042716F9-BC2E-48DB-9CC6-CC09D2DE53C1}.Debug|Any CPU.ActiveCfg = Debug|Any CPU
		{042716F9-BC2E-48DB-9CC6-CC09D2DE53C1}.Debug|Any CPU.Build.0 = Debug|Any CPU
		{042716F9-BC2E-48DB-9CC6-CC09D2DE53C1}.Debug|ARM.ActiveCfg = Debug|Any CPU
		{042716F9-BC2E-48DB-9CC6-CC09D2DE53C1}.Debug|ARM.Build.0 = Debug|Any CPU
		{042716F9-BC2E-48DB-9CC6-CC09D2DE53C1}.Debug|iPhone.ActiveCfg = Debug|Any CPU
		{042716F9-BC2E-48DB-9CC6-CC09D2DE53C1}.Debug|iPhone.Build.0 = Debug|Any CPU
		{042716F9-BC2E-48DB-9CC6-CC09D2DE53C1}.Debug|iPhoneSimulator.ActiveCfg = Debug|Any CPU
		{042716F9-BC2E-48DB-9CC6-CC09D2DE53C1}.Debug|iPhoneSimulator.Build.0 = Debug|Any CPU
		{042716F9-BC2E-48DB-9CC6-CC09D2DE53C1}.Debug|x64.ActiveCfg = Debug|Any CPU
		{042716F9-BC2E-48DB-9CC6-CC09D2DE53C1}.Debug|x64.Build.0 = Debug|Any CPU
		{042716F9-BC2E-48DB-9CC6-CC09D2DE53C1}.Debug|x86.ActiveCfg = Debug|Any CPU
		{042716F9-BC2E-48DB-9CC6-CC09D2DE53C1}.Debug|x86.Build.0 = Debug|Any CPU
		{042716F9-BC2E-48DB-9CC6-CC09D2DE53C1}.Release|Any CPU.ActiveCfg = Release|Any CPU
		{042716F9-BC2E-48DB-9CC6-CC09D2DE53C1}.Release|Any CPU.Build.0 = Release|Any CPU
		{042716F9-BC2E-48DB-9CC6-CC09D2DE53C1}.Release|ARM.ActiveCfg = Release|Any CPU
		{042716F9-BC2E-48DB-9CC6-CC09D2DE53C1}.Release|ARM.Build.0 = Release|Any CPU
		{042716F9-BC2E-48DB-9CC6-CC09D2DE53C1}.Release|iPhone.ActiveCfg = Release|Any CPU
		{042716F9-BC2E-48DB-9CC6-CC09D2DE53C1}.Release|iPhone.Build.0 = Release|Any CPU
		{042716F9-BC2E-48DB-9CC6-CC09D2DE53C1}.Release|iPhoneSimulator.ActiveCfg = Release|Any CPU
		{042716F9-BC2E-48DB-9CC6-CC09D2DE53C1}.Release|iPhoneSimulator.Build.0 = Release|Any CPU
		{042716F9-BC2E-48DB-9CC6-CC09D2DE53C1}.Release|x64.ActiveCfg = Release|Any CPU
		{042716F9-BC2E-48DB-9CC6-CC09D2DE53C1}.Release|x64.Build.0 = Release|Any CPU
		{042716F9-BC2E-48DB-9CC6-CC09D2DE53C1}.Release|x86.ActiveCfg = Release|Any CPU
		{042716F9-BC2E-48DB-9CC6-CC09D2DE53C1}.Release|x86.Build.0 = Release|Any CPU
		{8B6D06A6-0C92-4F42-A684-A1BA0425B311}.Ad-Hoc|Any CPU.ActiveCfg = Release|x86
		{8B6D06A6-0C92-4F42-A684-A1BA0425B311}.Ad-Hoc|Any CPU.Build.0 = Release|x86
		{8B6D06A6-0C92-4F42-A684-A1BA0425B311}.Ad-Hoc|Any CPU.Deploy.0 = Release|x86
		{8B6D06A6-0C92-4F42-A684-A1BA0425B311}.Ad-Hoc|ARM.ActiveCfg = Release|ARM
		{8B6D06A6-0C92-4F42-A684-A1BA0425B311}.Ad-Hoc|ARM.Build.0 = Release|ARM
		{8B6D06A6-0C92-4F42-A684-A1BA0425B311}.Ad-Hoc|ARM.Deploy.0 = Release|ARM
		{8B6D06A6-0C92-4F42-A684-A1BA0425B311}.Ad-Hoc|iPhone.ActiveCfg = Release|x86
		{8B6D06A6-0C92-4F42-A684-A1BA0425B311}.Ad-Hoc|iPhone.Build.0 = Release|x86
		{8B6D06A6-0C92-4F42-A684-A1BA0425B311}.Ad-Hoc|iPhone.Deploy.0 = Release|x86
		{8B6D06A6-0C92-4F42-A684-A1BA0425B311}.Ad-Hoc|iPhoneSimulator.ActiveCfg = Release|x86
		{8B6D06A6-0C92-4F42-A684-A1BA0425B311}.Ad-Hoc|iPhoneSimulator.Build.0 = Release|x86
		{8B6D06A6-0C92-4F42-A684-A1BA0425B311}.Ad-Hoc|iPhoneSimulator.Deploy.0 = Release|x86
		{8B6D06A6-0C92-4F42-A684-A1BA0425B311}.Ad-Hoc|x64.ActiveCfg = Release|x64
		{8B6D06A6-0C92-4F42-A684-A1BA0425B311}.Ad-Hoc|x64.Build.0 = Release|x64
		{8B6D06A6-0C92-4F42-A684-A1BA0425B311}.Ad-Hoc|x64.Deploy.0 = Release|x64
		{8B6D06A6-0C92-4F42-A684-A1BA0425B311}.Ad-Hoc|x86.ActiveCfg = Release|x86
		{8B6D06A6-0C92-4F42-A684-A1BA0425B311}.Ad-Hoc|x86.Build.0 = Release|x86
		{8B6D06A6-0C92-4F42-A684-A1BA0425B311}.Ad-Hoc|x86.Deploy.0 = Release|x86
		{8B6D06A6-0C92-4F42-A684-A1BA0425B311}.AppStore|Any CPU.ActiveCfg = Release|x86
		{8B6D06A6-0C92-4F42-A684-A1BA0425B311}.AppStore|Any CPU.Build.0 = Release|x86
		{8B6D06A6-0C92-4F42-A684-A1BA0425B311}.AppStore|Any CPU.Deploy.0 = Release|x86
		{8B6D06A6-0C92-4F42-A684-A1BA0425B311}.AppStore|ARM.ActiveCfg = Release|ARM
		{8B6D06A6-0C92-4F42-A684-A1BA0425B311}.AppStore|ARM.Build.0 = Release|ARM
		{8B6D06A6-0C92-4F42-A684-A1BA0425B311}.AppStore|ARM.Deploy.0 = Release|ARM
		{8B6D06A6-0C92-4F42-A684-A1BA0425B311}.AppStore|iPhone.ActiveCfg = Release|x86
		{8B6D06A6-0C92-4F42-A684-A1BA0425B311}.AppStore|iPhone.Build.0 = Release|x86
		{8B6D06A6-0C92-4F42-A684-A1BA0425B311}.AppStore|iPhone.Deploy.0 = Release|x86
		{8B6D06A6-0C92-4F42-A684-A1BA0425B311}.AppStore|iPhoneSimulator.ActiveCfg = Release|x86
		{8B6D06A6-0C92-4F42-A684-A1BA0425B311}.AppStore|iPhoneSimulator.Build.0 = Release|x86
		{8B6D06A6-0C92-4F42-A684-A1BA0425B311}.AppStore|iPhoneSimulator.Deploy.0 = Release|x86
		{8B6D06A6-0C92-4F42-A684-A1BA0425B311}.AppStore|x64.ActiveCfg = Release|x64
		{8B6D06A6-0C92-4F42-A684-A1BA0425B311}.AppStore|x64.Build.0 = Release|x64
		{8B6D06A6-0C92-4F42-A684-A1BA0425B311}.AppStore|x64.Deploy.0 = Release|x64
		{8B6D06A6-0C92-4F42-A684-A1BA0425B311}.AppStore|x86.ActiveCfg = Release|x86
		{8B6D06A6-0C92-4F42-A684-A1BA0425B311}.AppStore|x86.Build.0 = Release|x86
		{8B6D06A6-0C92-4F42-A684-A1BA0425B311}.AppStore|x86.Deploy.0 = Release|x86
		{8B6D06A6-0C92-4F42-A684-A1BA0425B311}.Debug|Any CPU.ActiveCfg = Debug|x86
		{8B6D06A6-0C92-4F42-A684-A1BA0425B311}.Debug|ARM.ActiveCfg = Debug|ARM
		{8B6D06A6-0C92-4F42-A684-A1BA0425B311}.Debug|ARM.Build.0 = Debug|ARM
		{8B6D06A6-0C92-4F42-A684-A1BA0425B311}.Debug|ARM.Deploy.0 = Debug|ARM
		{8B6D06A6-0C92-4F42-A684-A1BA0425B311}.Debug|iPhone.ActiveCfg = Debug|x86
		{8B6D06A6-0C92-4F42-A684-A1BA0425B311}.Debug|iPhoneSimulator.ActiveCfg = Debug|x86
		{8B6D06A6-0C92-4F42-A684-A1BA0425B311}.Debug|x64.ActiveCfg = Debug|x64
		{8B6D06A6-0C92-4F42-A684-A1BA0425B311}.Debug|x64.Build.0 = Debug|x64
		{8B6D06A6-0C92-4F42-A684-A1BA0425B311}.Debug|x64.Deploy.0 = Debug|x64
		{8B6D06A6-0C92-4F42-A684-A1BA0425B311}.Debug|x86.ActiveCfg = Debug|x86
		{8B6D06A6-0C92-4F42-A684-A1BA0425B311}.Debug|x86.Build.0 = Debug|x86
		{8B6D06A6-0C92-4F42-A684-A1BA0425B311}.Debug|x86.Deploy.0 = Debug|x86
		{8B6D06A6-0C92-4F42-A684-A1BA0425B311}.Release|Any CPU.ActiveCfg = Release|x86
		{8B6D06A6-0C92-4F42-A684-A1BA0425B311}.Release|ARM.ActiveCfg = Release|ARM
		{8B6D06A6-0C92-4F42-A684-A1BA0425B311}.Release|ARM.Build.0 = Release|ARM
		{8B6D06A6-0C92-4F42-A684-A1BA0425B311}.Release|ARM.Deploy.0 = Release|ARM
		{8B6D06A6-0C92-4F42-A684-A1BA0425B311}.Release|iPhone.ActiveCfg = Release|x86
		{8B6D06A6-0C92-4F42-A684-A1BA0425B311}.Release|iPhoneSimulator.ActiveCfg = Release|x86
		{8B6D06A6-0C92-4F42-A684-A1BA0425B311}.Release|x64.ActiveCfg = Release|x64
		{8B6D06A6-0C92-4F42-A684-A1BA0425B311}.Release|x64.Build.0 = Release|x64
		{8B6D06A6-0C92-4F42-A684-A1BA0425B311}.Release|x64.Deploy.0 = Release|x64
		{8B6D06A6-0C92-4F42-A684-A1BA0425B311}.Release|x86.ActiveCfg = Release|x86
		{8B6D06A6-0C92-4F42-A684-A1BA0425B311}.Release|x86.Build.0 = Release|x86
		{8B6D06A6-0C92-4F42-A684-A1BA0425B311}.Release|x86.Deploy.0 = Release|x86
		{9B76E181-415B-4A51-BBB9-AD1796F3A834}.Ad-Hoc|Any CPU.ActiveCfg = Ad-Hoc|iPhoneSimulator
		{9B76E181-415B-4A51-BBB9-AD1796F3A834}.Ad-Hoc|ARM.ActiveCfg = Ad-Hoc|iPhone
		{9B76E181-415B-4A51-BBB9-AD1796F3A834}.Ad-Hoc|iPhone.ActiveCfg = Ad-Hoc|iPhone
		{9B76E181-415B-4A51-BBB9-AD1796F3A834}.Ad-Hoc|iPhone.Build.0 = Ad-Hoc|iPhone
		{9B76E181-415B-4A51-BBB9-AD1796F3A834}.Ad-Hoc|iPhoneSimulator.ActiveCfg = Ad-Hoc|iPhoneSimulator
		{9B76E181-415B-4A51-BBB9-AD1796F3A834}.Ad-Hoc|iPhoneSimulator.Build.0 = Ad-Hoc|iPhoneSimulator
		{9B76E181-415B-4A51-BBB9-AD1796F3A834}.Ad-Hoc|x64.ActiveCfg = Ad-Hoc|iPhone
		{9B76E181-415B-4A51-BBB9-AD1796F3A834}.Ad-Hoc|x86.ActiveCfg = Ad-Hoc|iPhone
		{9B76E181-415B-4A51-BBB9-AD1796F3A834}.AppStore|Any CPU.ActiveCfg = AppStore|iPhoneSimulator
		{9B76E181-415B-4A51-BBB9-AD1796F3A834}.AppStore|ARM.ActiveCfg = AppStore|iPhone
		{9B76E181-415B-4A51-BBB9-AD1796F3A834}.AppStore|iPhone.ActiveCfg = AppStore|iPhone
		{9B76E181-415B-4A51-BBB9-AD1796F3A834}.AppStore|iPhone.Build.0 = AppStore|iPhone
		{9B76E181-415B-4A51-BBB9-AD1796F3A834}.AppStore|iPhoneSimulator.ActiveCfg = AppStore|iPhoneSimulator
		{9B76E181-415B-4A51-BBB9-AD1796F3A834}.AppStore|iPhoneSimulator.Build.0 = AppStore|iPhoneSimulator
		{9B76E181-415B-4A51-BBB9-AD1796F3A834}.AppStore|x64.ActiveCfg = AppStore|iPhone
		{9B76E181-415B-4A51-BBB9-AD1796F3A834}.AppStore|x86.ActiveCfg = AppStore|iPhone
		{9B76E181-415B-4A51-BBB9-AD1796F3A834}.Debug|Any CPU.ActiveCfg = Debug|iPhoneSimulator
		{9B76E181-415B-4A51-BBB9-AD1796F3A834}.Debug|ARM.ActiveCfg = Debug|iPhone
		{9B76E181-415B-4A51-BBB9-AD1796F3A834}.Debug|iPhone.ActiveCfg = Debug|iPhone
		{9B76E181-415B-4A51-BBB9-AD1796F3A834}.Debug|iPhone.Build.0 = Debug|iPhone
		{9B76E181-415B-4A51-BBB9-AD1796F3A834}.Debug|iPhoneSimulator.ActiveCfg = Debug|iPhoneSimulator
		{9B76E181-415B-4A51-BBB9-AD1796F3A834}.Debug|iPhoneSimulator.Build.0 = Debug|iPhoneSimulator
		{9B76E181-415B-4A51-BBB9-AD1796F3A834}.Debug|x64.ActiveCfg = Debug|iPhone
		{9B76E181-415B-4A51-BBB9-AD1796F3A834}.Debug|x86.ActiveCfg = Debug|iPhone
		{9B76E181-415B-4A51-BBB9-AD1796F3A834}.Release|Any CPU.ActiveCfg = Release|iPhoneSimulator
		{9B76E181-415B-4A51-BBB9-AD1796F3A834}.Release|ARM.ActiveCfg = Release|iPhone
		{9B76E181-415B-4A51-BBB9-AD1796F3A834}.Release|iPhone.ActiveCfg = Release|iPhone
		{9B76E181-415B-4A51-BBB9-AD1796F3A834}.Release|iPhone.Build.0 = Release|iPhone
		{9B76E181-415B-4A51-BBB9-AD1796F3A834}.Release|iPhoneSimulator.ActiveCfg = Release|iPhoneSimulator
		{9B76E181-415B-4A51-BBB9-AD1796F3A834}.Release|iPhoneSimulator.Build.0 = Release|iPhoneSimulator
		{9B76E181-415B-4A51-BBB9-AD1796F3A834}.Release|x64.ActiveCfg = Release|iPhone
		{9B76E181-415B-4A51-BBB9-AD1796F3A834}.Release|x86.ActiveCfg = Release|iPhone
	EndGlobalSection
	GlobalSection(SolutionProperties) = preSolution
		HideSolutionNode = FALSE
	EndGlobalSection
	GlobalSection(ExtensibilityGlobals) = postSolution
		SolutionGuid = {A33365D5-79A8-4636-92DE-91D1844E7852}
	EndGlobalSection
EndGlobal
